# THIS IS AN AUTOGENERATED FILE. DO NOT EDIT THIS FILE DIRECTLY.
# yarn lockfile v1


"@types/core-decorators@^0.10.32":
  version "0.10.32"
  resolved "https://registry.yarnpkg.com/@types/core-decorators/-/core-decorators-0.10.32.tgz#3cb635da99980176832ec420875f7efce1822b5e"

"@types/lodash@^4.14.64":
  version "4.14.64"
  resolved "https://registry.yarnpkg.com/@types/lodash/-/lodash-4.14.64.tgz#979cf3a3d4a368670840bf9b3e448dc33ffe84ee"

core-decorators@^0.19.0:
  version "0.19.0"
  resolved "https://registry.yarnpkg.com/core-decorators/-/core-decorators-0.19.0.tgz#28c9b44aa6208902934627a28f4f5950bd5b463e"

lodash@^4.17.4:
  version "4.17.4"
  resolved "https://registry.yarnpkg.com/lodash/-/lodash-4.17.4.tgz#78203a4d1c328ae1d86dca6460e369b57f4055ae"
